
Microsoft Visual Studio Solution File, Format Version 12.00
Project("{FAE04EC0-301F-11D3-BF4B-00C04F79EFBC}") = "SamlResponseFactory", "SamlResponseFactory\SamlResponseFactory.csproj", "{80047FE9-8CF0-4E62-A6D1-8BEBD7E31A7B}"
EndProject
Project("{FAE04EC0-301F-11D3-BF4B-00C04F79EFBC}") = "SamlResponseFactory.Tests", "SamlResponseFactory.Tests\SamlResponseFactory.Tests.csproj", "{B07DD086-5EB5-481A-AA2E-CAA2F79A1C87}"
EndProject
Global
	GlobalSection(SolutionConfigurationPlatforms) = preSolution
		Debug|Any CPU = Debug|Any CPU
		Release|Any CPU = Release|Any CPU
	EndGlobalSection
	GlobalSection(ProjectConfigurationPlatforms) = postSolution
		{80047FE9-8CF0-4E62-A6D1-8BEBD7E31A7B}.Debug|Any CPU.ActiveCfg = Debug|Any CPU
		{80047FE9-8CF0-4E62-A6D1-8BEBD7E31A7B}.Debug|Any CPU.Build.0 = Debug|Any CPU
		{80047FE9-8CF0-4E62-A6D1-8BEBD7E31A7B}.Release|Any CPU.ActiveCfg = Release|Any CPU
		{80047FE9-8CF0-4E62-A6D1-8BEBD7E31A7B}.Release|Any CPU.Build.0 = Release|Any CPU
		{B07DD086-5EB5-481A-AA2E-CAA2F79A1C87}.Debug|Any CPU.ActiveCfg = Debug|Any CPU
		{B07DD086-5EB5-481A-AA2E-CAA2F79A1C87}.Debug|Any CPU.Build.0 = Debug|Any CPU
		{B07DD086-5EB5-481A-AA2E-CAA2F79A1C87}.Release|Any CPU.ActiveCfg = Release|Any CPU
		{B07DD086-5EB5-481A-AA2E-CAA2F79A1C87}.Release|Any CPU.Build.0 = Release|Any CPU
	EndGlobalSection
EndGlobal
